PODS:
  - LicensePlist (3.13.0)
  - SwiftGen (6.4.0)
  - SwiftLint (0.43.1)

DEPENDENCIES:
  - LicensePlist
  - SwiftGen
  - SwiftLint

SPEC REPOS:
  trunk:
    - LicensePlist
    - SwiftGen
    - SwiftLint

SPEC CHECKSUMS:
  LicensePlist: 4e87d3438e03ae2d368ff5bd85344aa03ca722eb
  SwiftGen: 67860cc7c3cfc2ed25b9b74cfd55495fc89f9108
  SwiftLint: 99f82d07b837b942dd563c668de129a03fc3fb52

PODFILE CHECKSUM: 2982c02ad312da746476d5f7a95362348eb08504

COCOAPODS: 1.10.2
