// !$*UTF8*$!
{
	archiveVersion = 1;
	classes = {
	};
	objectVersion = 52;
	objects = {

/* Begin PBXAggregateTarget section */
		9C1EFB4C26C591810065AEE6 /* SwiftLint */ = {
			isa = PBXAggregateTarget;
			buildConfigurationList = 9C1EFB4D26C591810065AEE6 /* Build configuration list for PBXAggregateTarget "SwiftLint" */;
			buildPhases = (
				9C1EFB6526C594480065AEE6 /* SwiftLint */,
			);
			dependencies = (
			);
			name = SwiftLint;
			productName = SwiftLint;
		};
		9C1EFB5426C591910065AEE6 /* SwiftGen */ = {
			isa = PBXAggregateTarget;
			buildConfigurationList = 9C1EFB5526C591910065AEE6 /* Build configuration list for PBXAggregateTarget "SwiftGen" */;
			buildPhases = (
				9C1EFB6626C594750065AEE6 /* SwiftGen */,
			);
			dependencies = (
			);
			name = SwiftGen;
			productName = SwiftGen;
		};
/* End PBXAggregateTarget section */

/* Begin PBXBuildFile section */
		9C00AC5926E107220096A749 /* RxFlow in Frameworks */ = {isa = PBXBuildFile; productRef = 9C00AC5826E107220096A749 /* RxFlow */; };
		9C00AC6026E107770096A749 /* AppStep.swift in Sources */ = {isa = PBXBuildFile; fileRef = 9C00AC5F26E107770096A749 /* AppStep.swift */; };
		9C00AC6A26E1078D0096A749 /* AppFlow.swift in Sources */ = {isa = PBXBuildFile; fileRef = 9C00AC6926E1078D0096A749 /* AppFlow.swift */; };
		9C00AC7026E107A80096A749 /* InitializationFlow.swift in Sources */ = {isa = PBXBuildFile; fileRef = 9C00AC6F26E107A80096A749 /* InitializationFlow.swift */; };
		9C00AC7626E107B90096A749 /* HomeFlow.swift in Sources */ = {isa = PBXBuildFile; fileRef = 9C00AC7526E107B90096A749 /* HomeFlow.swift */; };
		9C00AC7D26E12C1F0096A749 /* Reusable in Frameworks */ = {isa = PBXBuildFile; productRef = 9C00AC7C26E12C1F0096A749 /* Reusable */; };
		9C00AC8626E12C7F0096A749 /* ViewModelType.swift in Sources */ = {isa = PBXBuildFile; fileRef = 9C00AC8526E12C7F0096A749 /* ViewModelType.swift */; };
		9C00AC9026E12C900096A749 /* ViewType.swift in Sources */ = {isa = PBXBuildFile; fileRef = 9C00AC8F26E12C900096A749 /* ViewType.swift */; };
		9C00AC9726E138300096A749 /* ActivityIndicator.swift in Sources */ = {isa = PBXBuildFile; fileRef = 9C00AC9626E138300096A749 /* ActivityIndicator.swift */; };
		9C1EFAB726C4B15A0065AEE6 /* AppDelegate.swift in Sources */ = {isa = PBXBuildFile; fileRef = 9C1EFAB626C4B15A0065AEE6 /* AppDelegate.swift */; };
		9C1EFAB926C4B15A0065AEE6 /* SceneDelegate.swift in Sources */ = {isa = PBXBuildFile; fileRef = 9C1EFAB826C4B15A0065AEE6 /* SceneDelegate.swift */; };
		9C1EFABB26C4B15A0065AEE6 /* ViewController.swift in Sources */ = {isa = PBXBuildFile; fileRef = 9C1EFABA26C4B15A0065AEE6 /* ViewController.swift */; };
		9C1EFABE26C4B15A0065AEE6 /* Main.storyboard in Resources */ = {isa = PBXBuildFile; fileRef = 9C1EFABC26C4B15A0065AEE6 /* Main.storyboard */; };
		9C1EFAC026C4B1600065AEE6 /* Images.xcassets in Resources */ = {isa = PBXBuildFile; fileRef = 9C1EFABF26C4B1600065AEE6 /* Images.xcassets */; };
		9C1EFAC326C4B1600065AEE6 /* LaunchScreen.storyboard in Resources */ = {isa = PBXBuildFile; fileRef = 9C1EFAC126C4B1600065AEE6 /* LaunchScreen.storyboard */; };
		9C1EFADE26C4DC210065AEE6 /* DemoTests.swift in Sources */ = {isa = PBXBuildFile; fileRef = 9C1EFADD26C4DC210065AEE6 /* DemoTests.swift */; };
		9C1EFAEA26C4EC310065AEE6 /* RxCocoa in Frameworks */ = {isa = PBXBuildFile; productRef = 9C1EFAE926C4EC310065AEE6 /* RxCocoa */; };
		9C1EFAEC26C4EC310065AEE6 /* RxSwift in Frameworks */ = {isa = PBXBuildFile; productRef = 9C1EFAEB26C4EC310065AEE6 /* RxSwift */; };
		9C1EFAEE26C4EC310065AEE6 /* RxTest in Frameworks */ = {isa = PBXBuildFile; productRef = 9C1EFAED26C4EC310065AEE6 /* RxTest */; };
		9C1EFAF326C4EC7B0065AEE6 /* RxBlocking in Frameworks */ = {isa = PBXBuildFile; productRef = 9C1EFAF226C4EC7B0065AEE6 /* RxBlocking */; };
		9C1EFAF626C4ED120065AEE6 /* Nimble in Frameworks */ = {isa = PBXBuildFile; productRef = 9C1EFAF526C4ED120065AEE6 /* Nimble */; };
		9C1EFB3426C58E8A0065AEE6 /* Colors.xcassets in Resources */ = {isa = PBXBuildFile; fileRef = 9C1EFB3326C58E8A0065AEE6 /* Colors.xcassets */; };
		9C1EFB4926C5909C0065AEE6 /* Common.strings in Resources */ = {isa = PBXBuildFile; fileRef = 9C1EFB4726C5909C0065AEE6 /* Common.strings */; };
		9C36791326E634E200D6EC7B /* AppError.swift in Sources */ = {isa = PBXBuildFile; fileRef = 9C36791226E634E200D6EC7B /* AppError.swift */; };
		9C70D46426C5A51C00DD97E9 /* Assets.swift in Sources */ = {isa = PBXBuildFile; fileRef = 9C70D46326C5A51C00DD97E9 /* Assets.swift */; };
		9C70D46A26C5A52500DD97E9 /* StoryboardScenes.swift in Sources */ = {isa = PBXBuildFile; fileRef = 9C70D46926C5A52500DD97E9 /* StoryboardScenes.swift */; };
		9C70D47126C5A52E00DD97E9 /* StoryboardSegues.swift in Sources */ = {isa = PBXBuildFile; fileRef = 9C70D46F26C5A52E00DD97E9 /* StoryboardSegues.swift */; };
		9C70D47226C5A52E00DD97E9 /* Strings.swift in Sources */ = {isa = PBXBuildFile; fileRef = 9C70D47026C5A52E00DD97E9 /* Strings.swift */; };
		9C715CFC26C6156800AF895E /* Initialization.storyboard in Resources */ = {isa = PBXBuildFile; fileRef = 9C715CFB26C6156800AF895E /* Initialization.storyboard */; };
		9C715D0B26C6199300AF895E /* Settings.bundle in Resources */ = {isa = PBXBuildFile; fileRef = 9C715D0A26C6199300AF895E /* Settings.bundle */; };
		9C92923A26E8498A00D5C26C /* Error.strings in Resources */ = {isa = PBXBuildFile; fileRef = 9C92923826E8498A00D5C26C /* Error.strings */; };
		9C92924026E85B0D00D5C26C /* GlobalStepper.swift in Sources */ = {isa = PBXBuildFile; fileRef = 9C92923F26E85B0D00D5C26C /* GlobalStepper.swift */; };
		9CC018F826E1C26100407E7C /* ActivityHandlerType.swift in Sources */ = {isa = PBXBuildFile; fileRef = 9CC018F726E1C26100407E7C /* ActivityHandlerType.swift */; };
		9CC018FE26E1C27B00407E7C /* ActivityViewerType.swift in Sources */ = {isa = PBXBuildFile; fileRef = 9CC018FD26E1C27B00407E7C /* ActivityViewerType.swift */; };
		9CC0190426E1C29300407E7C /* ErrorHandlerType.swift in Sources */ = {isa = PBXBuildFile; fileRef = 9CC0190326E1C29300407E7C /* ErrorHandlerType.swift */; };
		9CC0190A26E1C2A700407E7C /* ErrorViewerType.swift in Sources */ = {isa = PBXBuildFile; fileRef = 9CC0190926E1C2A700407E7C /* ErrorViewerType.swift */; };
		9CC0191126E1CD9F00407E7C /* NVActivityIndicatorView in Frameworks */ = {isa = PBXBuildFile; productRef = 9CC0191026E1CD9F00407E7C /* NVActivityIndicatorView */; };
		9CC0191326E1CD9F00407E7C /* NVActivityIndicatorViewExtended in Frameworks */ = {isa = PBXBuildFile; productRef = 9CC0191226E1CD9F00407E7C /* NVActivityIndicatorViewExtended */; };
		9CC0191B26E1EBF700407E7C /* InitializationViewController.swift in Sources */ = {isa = PBXBuildFile; fileRef = 9CC0191A26E1EBF700407E7C /* InitializationViewController.swift */; };
		9CC0192526E1EC0500407E7C /* InitializationViewModel.swift in Sources */ = {isa = PBXBuildFile; fileRef = 9CC0192426E1EC0500407E7C /* InitializationViewModel.swift */; };
		9CC0193026E2019100407E7C /* AppStateService.swift in Sources */ = {isa = PBXBuildFile; fileRef = 9CC0192F26E2019100407E7C /* AppStateService.swift */; };
		9CC0193B26E2069C00407E7C /* UIWindow+Extensions.swift in Sources */ = {isa = PBXBuildFile; fileRef = 9CC0193A26E2069C00407E7C /* UIWindow+Extensions.swift */; };
		9CC0194526E2074500407E7C /* WelcomeFlow.swift in Sources */ = {isa = PBXBuildFile; fileRef = 9CC0194426E2074500407E7C /* WelcomeFlow.swift */; };
		9CC0194C26E20BBF00407E7C /* WelcomeViewController.swift in Sources */ = {isa = PBXBuildFile; fileRef = 9CC0194B26E20BBF00407E7C /* WelcomeViewController.swift */; };
		9CC0195626E20BD000407E7C /* WelcomeViewModel.swift in Sources */ = {isa = PBXBuildFile; fileRef = 9CC0195526E20BD000407E7C /* WelcomeViewModel.swift */; };
		9CC0195D26E20C7900407E7C /* HomeViewController.swift in Sources */ = {isa = PBXBuildFile; fileRef = 9CC0195C26E20C7900407E7C /* HomeViewController.swift */; };
		9CC0196726E20C8600407E7C /* HomeViewModel.swift in Sources */ = {isa = PBXBuildFile; fileRef = 9CC0196626E20C8600407E7C /* HomeViewModel.swift */; };
		9CC0196E26E2167200407E7C /* SwiftyBeaver in Frameworks */ = {isa = PBXBuildFile; productRef = 9CC0196D26E2167200407E7C /* SwiftyBeaver */; };
		9CC0197426E2168100407E7C /* SwiftyBeaver+Extensions.swift in Sources */ = {isa = PBXBuildFile; fileRef = 9CC0197326E2168100407E7C /* SwiftyBeaver+Extensions.swift */; };
		F4BDBD79A1A38092E3D95D24 /* Pods_Demo.framework in Frameworks */ = {isa = PBXBuildFile; fileRef = 98A1D08B0FFA6F161C24AFE8 /* Pods_Demo.framework */; };
/* End PBXBuildFile section */

/* Begin PBXContainerItemProxy section */
		9C1EFAE026C4DC210065AEE6 /* PBXContainerItemProxy */ = {
			isa = PBXContainerItemProxy;
			containerPortal = 9C1EFAAB26C4B15A0065AEE6 /* Project object */;
			proxyType = 1;
			remoteGlobalIDString = 9C1EFAB226C4B15A0065AEE6;
			remoteInfo = Demo;
		};
		9C1EFB6B26C594CE0065AEE6 /* PBXContainerItemProxy */ = {
			isa = PBXContainerItemProxy;
			containerPortal = 9C1EFAAB26C4B15A0065AEE6 /* Project object */;
			proxyType = 1;
			remoteGlobalIDString = 9C1EFB4C26C591810065AEE6;
			remoteInfo = SwiftLint;
		};
		9C715CF126C60F3400AF895E /* PBXContainerItemProxy */ = {
			isa = PBXContainerItemProxy;
			containerPortal = 9C1EFAAB26C4B15A0065AEE6 /* Project object */;
			proxyType = 1;
			remoteGlobalIDString = 9C1EFB5426C591910065AEE6;
			remoteInfo = SwiftGen;
		};
/* End PBXContainerItemProxy section */

/* Begin PBXFileReference section */
		98A1D08B0FFA6F161C24AFE8 /* Pods_Demo.framework */ = {isa = PBXFileReference; explicitFileType = wrapper.framework; includeInIndex = 0; path = Pods_Demo.framework; sourceTree = BUILT_PRODUCTS_DIR; };
		9C00AC5F26E107770096A749 /* AppStep.swift */ = {isa = PBXFileReference; lastKnownFileType = sourcecode.swift; path = AppStep.swift; sourceTree = "<group>"; };
		9C00AC6926E1078D0096A749 /* AppFlow.swift */ = {isa = PBXFileReference; lastKnownFileType = sourcecode.swift; path = AppFlow.swift; sourceTree = "<group>"; };
		9C00AC6F26E107A80096A749 /* InitializationFlow.swift */ = {isa = PBXFileReference; lastKnownFileType = sourcecode.swift; path = InitializationFlow.swift; sourceTree = "<group>"; };
		9C00AC7526E107B90096A749 /* HomeFlow.swift */ = {isa = PBXFileReference; lastKnownFileType = sourcecode.swift; path = HomeFlow.swift; sourceTree = "<group>"; };
		9C00AC8526E12C7F0096A749 /* ViewModelType.swift */ = {isa = PBXFileReference; lastKnownFileType = sourcecode.swift; path = ViewModelType.swift; sourceTree = "<group>"; };
		9C00AC8F26E12C900096A749 /* ViewType.swift */ = {isa = PBXFileReference; lastKnownFileType = sourcecode.swift; path = ViewType.swift; sourceTree = "<group>"; };
		9C00AC9626E138300096A749 /* ActivityIndicator.swift */ = {isa = PBXFileReference; lastKnownFileType = sourcecode.swift; path = ActivityIndicator.swift; sourceTree = "<group>"; };
		9C1EFAB326C4B15A0065AEE6 /* Demo.app */ = {isa = PBXFileReference; explicitFileType = wrapper.application; includeInIndex = 0; path = Demo.app; sourceTree = BUILT_PRODUCTS_DIR; };
		9C1EFAB626C4B15A0065AEE6 /* AppDelegate.swift */ = {isa = PBXFileReference; lastKnownFileType = sourcecode.swift; path = AppDelegate.swift; sourceTree = "<group>"; };
		9C1EFAB826C4B15A0065AEE6 /* SceneDelegate.swift */ = {isa = PBXFileReference; lastKnownFileType = sourcecode.swift; path = SceneDelegate.swift; sourceTree = "<group>"; };
		9C1EFABA26C4B15A0065AEE6 /* ViewController.swift */ = {isa = PBXFileReference; lastKnownFileType = sourcecode.swift; path = ViewController.swift; sourceTree = "<group>"; };
		9C1EFABD26C4B15A0065AEE6 /* Base */ = {isa = PBXFileReference; lastKnownFileType = file.storyboard; name = Base; path = Base.lproj/Main.storyboard; sourceTree = "<group>"; };
		9C1EFABF26C4B1600065AEE6 /* Images.xcassets */ = {isa = PBXFileReference; lastKnownFileType = folder.assetcatalog; path = Images.xcassets; sourceTree = "<group>"; };
		9C1EFAC226C4B1600065AEE6 /* Base */ = {isa = PBXFileReference; lastKnownFileType = file.storyboard; name = Base; path = Base.lproj/LaunchScreen.storyboard; sourceTree = "<group>"; };
		9C1EFAC426C4B1600065AEE6 /* Info.plist */ = {isa = PBXFileReference; lastKnownFileType = text.plist.xml; path = Info.plist; sourceTree = "<group>"; };
		9C1EFADB26C4DC210065AEE6 /* DemoTests.xctest */ = {isa = PBXFileReference; explicitFileType = wrapper.cfbundle; includeInIndex = 0; path = DemoTests.xctest; sourceTree = BUILT_PRODUCTS_DIR; };
		9C1EFADD26C4DC210065AEE6 /* DemoTests.swift */ = {isa = PBXFileReference; lastKnownFileType = sourcecode.swift; path = DemoTests.swift; sourceTree = "<group>"; };
		9C1EFADF26C4DC210065AEE6 /* Info.plist */ = {isa = PBXFileReference; lastKnownFileType = text.plist.xml; path = Info.plist; sourceTree = "<group>"; };
		9C1EFB3326C58E8A0065AEE6 /* Colors.xcassets */ = {isa = PBXFileReference; lastKnownFileType = folder.assetcatalog; path = Colors.xcassets; sourceTree = "<group>"; };
		9C1EFB4826C5909C0065AEE6 /* Base */ = {isa = PBXFileReference; lastKnownFileType = text.plist.strings; name = Base; path = Base.lproj/Common.strings; sourceTree = "<group>"; };
		9C36791226E634E200D6EC7B /* AppError.swift */ = {isa = PBXFileReference; lastKnownFileType = sourcecode.swift; path = AppError.swift; sourceTree = "<group>"; };
		9C70D46326C5A51C00DD97E9 /* Assets.swift */ = {isa = PBXFileReference; fileEncoding = 4; lastKnownFileType = sourcecode.swift; path = Assets.swift; sourceTree = "<group>"; };
		9C70D46926C5A52500DD97E9 /* StoryboardScenes.swift */ = {isa = PBXFileReference; fileEncoding = 4; lastKnownFileType = sourcecode.swift; path = StoryboardScenes.swift; sourceTree = "<group>"; };
		9C70D46F26C5A52E00DD97E9 /* StoryboardSegues.swift */ = {isa = PBXFileReference; fileEncoding = 4; lastKnownFileType = sourcecode.swift; path = StoryboardSegues.swift; sourceTree = "<group>"; };
		9C70D47026C5A52E00DD97E9 /* Strings.swift */ = {isa = PBXFileReference; fileEncoding = 4; lastKnownFileType = sourcecode.swift; path = Strings.swift; sourceTree = "<group>"; };
		9C715CFB26C6156800AF895E /* Initialization.storyboard */ = {isa = PBXFileReference; lastKnownFileType = file.storyboard; path = Initialization.storyboard; sourceTree = "<group>"; };
		9C715D0A26C6199300AF895E /* Settings.bundle */ = {isa = PBXFileReference; lastKnownFileType = "wrapper.plug-in"; path = Settings.bundle; sourceTree = "<group>"; };
		9C92923926E8498A00D5C26C /* Base */ = {isa = PBXFileReference; lastKnownFileType = text.plist.strings; name = Base; path = Base.lproj/Error.strings; sourceTree = "<group>"; };
		9C92923F26E85B0D00D5C26C /* GlobalStepper.swift */ = {isa = PBXFileReference; lastKnownFileType = sourcecode.swift; path = GlobalStepper.swift; sourceTree = "<group>"; };
		9CC018F726E1C26100407E7C /* ActivityHandlerType.swift */ = {isa = PBXFileReference; lastKnownFileType = sourcecode.swift; path = ActivityHandlerType.swift; sourceTree = "<group>"; };
		9CC018FD26E1C27B00407E7C /* ActivityViewerType.swift */ = {isa = PBXFileReference; lastKnownFileType = sourcecode.swift; path = ActivityViewerType.swift; sourceTree = "<group>"; };
		9CC0190326E1C29300407E7C /* ErrorHandlerType.swift */ = {isa = PBXFileReference; lastKnownFileType = sourcecode.swift; path = ErrorHandlerType.swift; sourceTree = "<group>"; };
		9CC0190926E1C2A700407E7C /* ErrorViewerType.swift */ = {isa = PBXFileReference; lastKnownFileType = sourcecode.swift; path = ErrorViewerType.swift; sourceTree = "<group>"; };
		9CC0191A26E1EBF700407E7C /* InitializationViewController.swift */ = {isa = PBXFileReference; lastKnownFileType = sourcecode.swift; path = InitializationViewController.swift; sourceTree = "<group>"; };
		9CC0192426E1EC0500407E7C /* InitializationViewModel.swift */ = {isa = PBXFileReference; lastKnownFileType = sourcecode.swift; path = InitializationViewModel.swift; sourceTree = "<group>"; };
		9CC0192F26E2019100407E7C /* AppStateService.swift */ = {isa = PBXFileReference; lastKnownFileType = sourcecode.swift; path = AppStateService.swift; sourceTree = "<group>"; };
		9CC0193A26E2069C00407E7C /* UIWindow+Extensions.swift */ = {isa = PBXFileReference; lastKnownFileType = sourcecode.swift; path = "UIWindow+Extensions.swift"; sourceTree = "<group>"; };
		9CC0194426E2074500407E7C /* WelcomeFlow.swift */ = {isa = PBXFileReference; lastKnownFileType = sourcecode.swift; path = WelcomeFlow.swift; sourceTree = "<group>"; };
		9CC0194B26E20BBF00407E7C /* WelcomeViewController.swift */ = {isa = PBXFileReference; lastKnownFileType = sourcecode.swift; path = WelcomeViewController.swift; sourceTree = "<group>"; };
		9CC0195526E20BD000407E7C /* WelcomeViewModel.swift */ = {isa = PBXFileReference; lastKnownFileType = sourcecode.swift; path = WelcomeViewModel.swift; sourceTree = "<group>"; };
		9CC0195C26E20C7900407E7C /* HomeViewController.swift */ = {isa = PBXFileReference; lastKnownFileType = sourcecode.swift; path = HomeViewController.swift; sourceTree = "<group>"; };
		9CC0196626E20C8600407E7C /* HomeViewModel.swift */ = {isa = PBXFileReference; lastKnownFileType = sourcecode.swift; path = HomeViewModel.swift; sourceTree = "<group>"; };
		9CC0197326E2168100407E7C /* SwiftyBeaver+Extensions.swift */ = {isa = PBXFileReference; lastKnownFileType = sourcecode.swift; path = "SwiftyBeaver+Extensions.swift"; sourceTree = "<group>"; };
		A883681813B7D7EE32E76A48 /* Pods-Demo.debug.xcconfig */ = {isa = PBXFileReference; includeInIndex = 1; lastKnownFileType = text.xcconfig; name = "Pods-Demo.debug.xcconfig"; path = "Target Support Files/Pods-Demo/Pods-Demo.debug.xcconfig"; sourceTree = "<group>"; };
		BAE0D211B92D1A74712CABBB /* Pods-Demo.release.xcconfig */ = {isa = PBXFileReference; includeInIndex = 1; lastKnownFileType = text.xcconfig; name = "Pods-Demo.release.xcconfig"; path = "Target Support Files/Pods-Demo/Pods-Demo.release.xcconfig"; sourceTree = "<group>"; };
		D16D26C4544B2539BB884A60 /* Pods-Demo.stub.xcconfig */ = {isa = PBXFileReference; includeInIndex = 1; lastKnownFileType = text.xcconfig; name = "Pods-Demo.stub.xcconfig"; path = "Target Support Files/Pods-Demo/Pods-Demo.stub.xcconfig"; sourceTree = "<group>"; };
/* End PBXFileReference section */

/* Begin PBXFrameworksBuildPhase section */
		9C1EFAB026C4B15A0065AEE6 /* Frameworks */ = {
			isa = PBXFrameworksBuildPhase;
			buildActionMask = 2147483647;
			files = (
				9CC0191326E1CD9F00407E7C /* NVActivityIndicatorViewExtended in Frameworks */,
				9C00AC5926E107220096A749 /* RxFlow in Frameworks */,
				9C1EFAEC26C4EC310065AEE6 /* RxSwift in Frameworks */,
				9CC0191126E1CD9F00407E7C /* NVActivityIndicatorView in Frameworks */,
				9C1EFAEA26C4EC310065AEE6 /* RxCocoa in Frameworks */,
				F4BDBD79A1A38092E3D95D24 /* Pods_Demo.framework in Frameworks */,
				9C00AC7D26E12C1F0096A749 /* Reusable in Frameworks */,
				9CC0196E26E2167200407E7C /* SwiftyBeaver in Frameworks */,
			);
			runOnlyForDeploymentPostprocessing = 0;
		};
		9C1EFAD826C4DC210065AEE6 /* Frameworks */ = {
			isa = PBXFrameworksBuildPhase;
			buildActionMask = 2147483647;
			files = (
				9C1EFAF626C4ED120065AEE6 /* Nimble in Frameworks */,
				9C1EFAEE26C4EC310065AEE6 /* RxTest in Frameworks */,
				9C1EFAF326C4EC7B0065AEE6 /* RxBlocking in Frameworks */,
			);
			runOnlyForDeploymentPostprocessing = 0;
		};
/* End PBXFrameworksBuildPhase section */

/* Begin PBXGroup section */
		81728C77BCDFD4095E48379C /* Pods */ = {
			isa = PBXGroup;
			children = (
				A883681813B7D7EE32E76A48 /* Pods-Demo.debug.xcconfig */,
				D16D26C4544B2539BB884A60 /* Pods-Demo.stub.xcconfig */,
				BAE0D211B92D1A74712CABBB /* Pods-Demo.release.xcconfig */,
			);
			path = Pods;
			sourceTree = "<group>";
		};
		9C00AC5E26E107540096A749 /* Flows */ = {
			isa = PBXGroup;
			children = (
				9C00AC5F26E107770096A749 /* AppStep.swift */,
				9C00AC6926E1078D0096A749 /* AppFlow.swift */,
				9C00AC6F26E107A80096A749 /* InitializationFlow.swift */,
				9C00AC7526E107B90096A749 /* HomeFlow.swift */,
				9CC0194426E2074500407E7C /* WelcomeFlow.swift */,
				9C92923F26E85B0D00D5C26C /* GlobalStepper.swift */,
			);
			path = Flows;
			sourceTree = "<group>";
		};
		9C00AC8226E12C320096A749 /* Commons */ = {
			isa = PBXGroup;
			children = (
				9CC0193926E205CB00407E7C /* Extensions */,
				9C00AC9526E1381E0096A749 /* Utilities */,
				9C00AC8426E12C640096A749 /* Bases */,
				9C00AC8326E12C4C0096A749 /* Protocols */,
			);
			path = Commons;
			sourceTree = "<group>";
		};
		9C00AC8326E12C4C0096A749 /* Protocols */ = {
			isa = PBXGroup;
			children = (
				9C00AC8526E12C7F0096A749 /* ViewModelType.swift */,
				9C00AC8F26E12C900096A749 /* ViewType.swift */,
				9CC018F726E1C26100407E7C /* ActivityHandlerType.swift */,
				9CC018FD26E1C27B00407E7C /* ActivityViewerType.swift */,
				9CC0190326E1C29300407E7C /* ErrorHandlerType.swift */,
				9CC0190926E1C2A700407E7C /* ErrorViewerType.swift */,
			);
			path = Protocols;
			sourceTree = "<group>";
		};
		9C00AC8426E12C640096A749 /* Bases */ = {
			isa = PBXGroup;
			children = (
			);
			path = Bases;
			sourceTree = "<group>";
		};
		9C00AC9526E1381E0096A749 /* Utilities */ = {
			isa = PBXGroup;
			children = (
				9C00AC9626E138300096A749 /* ActivityIndicator.swift */,
			);
			path = Utilities;
			sourceTree = "<group>";
		};
		9C1EFAAA26C4B15A0065AEE6 = {
			isa = PBXGroup;
			children = (
				9C1EFAB526C4B15A0065AEE6 /* Demo */,
				9C1EFADC26C4DC210065AEE6 /* DemoTests */,
				9C1EFAB426C4B15A0065AEE6 /* Products */,
				9C1EFAF126C4EC7B0065AEE6 /* Frameworks */,
				81728C77BCDFD4095E48379C /* Pods */,
			);
			sourceTree = "<group>";
		};
		9C1EFAB426C4B15A0065AEE6 /* Products */ = {
			isa = PBXGroup;
			children = (
				9C1EFAB326C4B15A0065AEE6 /* Demo.app */,
				9C1EFADB26C4DC210065AEE6 /* DemoTests.xctest */,
			);
			name = Products;
			sourceTree = "<group>";
		};
		9C1EFAB526C4B15A0065AEE6 /* Demo */ = {
			isa = PBXGroup;
			children = (
				9C36791026E634C900D6EC7B /* Data */,
				9CC0192E26E2018100407E7C /* Services */,
				9CC0191826E1E67200407E7C /* Features */,
				9C00AC8226E12C320096A749 /* Commons */,
				9C00AC5E26E107540096A749 /* Flows */,
				9C715D0926C6199300AF895E /* Settings */,
				9C1EFB2E26C58D7D0065AEE6 /* Resources */,
				9C1EFAB626C4B15A0065AEE6 /* AppDelegate.swift */,
				9C1EFAB826C4B15A0065AEE6 /* SceneDelegate.swift */,
				9C1EFABA26C4B15A0065AEE6 /* ViewController.swift */,
				9C1EFAC126C4B1600065AEE6 /* LaunchScreen.storyboard */,
				9C1EFAC426C4B1600065AEE6 /* Info.plist */,
			);
			path = Demo;
			sourceTree = "<group>";
		};
		9C1EFADC26C4DC210065AEE6 /* DemoTests */ = {
			isa = PBXGroup;
			children = (
				9C1EFADD26C4DC210065AEE6 /* DemoTests.swift */,
				9C1EFADF26C4DC210065AEE6 /* Info.plist */,
			);
			path = DemoTests;
			sourceTree = "<group>";
		};
		9C1EFAF126C4EC7B0065AEE6 /* Frameworks */ = {
			isa = PBXGroup;
			children = (
				98A1D08B0FFA6F161C24AFE8 /* Pods_Demo.framework */,
			);
			name = Frameworks;
			sourceTree = "<group>";
		};
		9C1EFB2E26C58D7D0065AEE6 /* Resources */ = {
			isa = PBXGroup;
			children = (
				9C1EFABF26C4B1600065AEE6 /* Images.xcassets */,
				9C1EFB3326C58E8A0065AEE6 /* Colors.xcassets */,
				9C1EFB3226C58DF10065AEE6 /* Strings */,
				9C1EFB3126C58DD30065AEE6 /* Storyboards */,
				9C1EFB3026C58DC50065AEE6 /* SwiftGen */,
			);
			path = Resources;
			sourceTree = "<group>";
		};
		9C1EFB3026C58DC50065AEE6 /* SwiftGen */ = {
			isa = PBXGroup;
			children = (
				9C70D46F26C5A52E00DD97E9 /* StoryboardSegues.swift */,
				9C70D47026C5A52E00DD97E9 /* Strings.swift */,
				9C70D46926C5A52500DD97E9 /* StoryboardScenes.swift */,
				9C70D46326C5A51C00DD97E9 /* Assets.swift */,
			);
			path = SwiftGen;
			sourceTree = "<group>";
		};
		9C1EFB3126C58DD30065AEE6 /* Storyboards */ = {
			isa = PBXGroup;
			children = (
				9C1EFABC26C4B15A0065AEE6 /* Main.storyboard */,
				9C715CFB26C6156800AF895E /* Initialization.storyboard */,
			);
			path = Storyboards;
			sourceTree = "<group>";
		};
		9C1EFB3226C58DF10065AEE6 /* Strings */ = {
			isa = PBXGroup;
			children = (
				9C1EFB4726C5909C0065AEE6 /* Common.strings */,
				9C92923826E8498A00D5C26C /* Error.strings */,
			);
			path = Strings;
			sourceTree = "<group>";
		};
		9C36791026E634C900D6EC7B /* Data */ = {
			isa = PBXGroup;
			children = (
				9C36791126E634D100D6EC7B /* Model */,
			);
			path = Data;
			sourceTree = "<group>";
		};
		9C36791126E634D100D6EC7B /* Model */ = {
			isa = PBXGroup;
			children = (
				9C36791226E634E200D6EC7B /* AppError.swift */,
			);
			path = Model;
			sourceTree = "<group>";
		};
		9C715D0926C6199300AF895E /* Settings */ = {
			isa = PBXGroup;
			children = (
				9C715D0A26C6199300AF895E /* Settings.bundle */,
			);
			path = Settings;
			sourceTree = "<group>";
		};
		9CC0191826E1E67200407E7C /* Features */ = {
			isa = PBXGroup;
			children = (
				9CC0195B26E20C6000407E7C /* Home */,
				9CC0194A26E20B9700407E7C /* Welcome */,
				9CC0191926E1EBE500407E7C /* Initialization */,
			);
			path = Features;
			sourceTree = "<group>";
		};
		9CC0191926E1EBE500407E7C /* Initialization */ = {
			isa = PBXGroup;
			children = (
				9CC0191A26E1EBF700407E7C /* InitializationViewController.swift */,
				9CC0192426E1EC0500407E7C /* InitializationViewModel.swift */,
			);
			path = Initialization;
			sourceTree = "<group>";
		};
		9CC0192E26E2018100407E7C /* Services */ = {
			isa = PBXGroup;
			children = (
				9CC0192F26E2019100407E7C /* AppStateService.swift */,
			);
			path = Services;
			sourceTree = "<group>";
		};
		9CC0193926E205CB00407E7C /* Extensions */ = {
			isa = PBXGroup;
			children = (
				9CC0193A26E2069C00407E7C /* UIWindow+Extensions.swift */,
				9CC0197326E2168100407E7C /* SwiftyBeaver+Extensions.swift */,
			);
			path = Extensions;
			sourceTree = "<group>";
		};
		9CC0194A26E20B9700407E7C /* Welcome */ = {
			isa = PBXGroup;
			children = (
				9CC0194B26E20BBF00407E7C /* WelcomeViewController.swift */,
				9CC0195526E20BD000407E7C /* WelcomeViewModel.swift */,
			);
			path = Welcome;
			sourceTree = "<group>";
		};
		9CC0195B26E20C6000407E7C /* Home */ = {
			isa = PBXGroup;
			children = (
				9CC0195C26E20C7900407E7C /* HomeViewController.swift */,
				9CC0196626E20C8600407E7C /* HomeViewModel.swift */,
			);
			path = Home;
			sourceTree = "<group>";
		};
/* End PBXGroup section */

/* Begin PBXNativeTarget section */
		9C1EFAB226C4B15A0065AEE6 /* Demo */ = {
			isa = PBXNativeTarget;
			buildConfigurationList = 9C1EFAC726C4B1600065AEE6 /* Build configuration list for PBXNativeTarget "Demo" */;
			buildPhases = (
				12059142E562EF0B91A992FA /* [CP] Check Pods Manifest.lock */,
				9C1EFB6D26C595670065AEE6 /* LicensePlist */,
				9C1EFAAF26C4B15A0065AEE6 /* Sources */,
				9C1EFAB026C4B15A0065AEE6 /* Frameworks */,
				9C1EFAB126C4B15A0065AEE6 /* Resources */,
			);
			buildRules = (
			);
			dependencies = (
				9C715CF226C60F3400AF895E /* PBXTargetDependency */,
				9C1EFB6C26C594CE0065AEE6 /* PBXTargetDependency */,
			);
			name = Demo;
			packageProductDependencies = (
				9C1EFAE926C4EC310065AEE6 /* RxCocoa */,
				9C1EFAEB26C4EC310065AEE6 /* RxSwift */,
				9C00AC5826E107220096A749 /* RxFlow */,
				9C00AC7C26E12C1F0096A749 /* Reusable */,
				9CC0191026E1CD9F00407E7C /* NVActivityIndicatorView */,
				9CC0191226E1CD9F00407E7C /* NVActivityIndicatorViewExtended */,
				9CC0196D26E2167200407E7C /* SwiftyBeaver */,
			);
			productName = Demo;
			productReference = 9C1EFAB326C4B15A0065AEE6 /* Demo.app */;
			productType = "com.apple.product-type.application";
		};
		9C1EFADA26C4DC210065AEE6 /* DemoTests */ = {
			isa = PBXNativeTarget;
			buildConfigurationList = 9C1EFAE226C4DC210065AEE6 /* Build configuration list for PBXNativeTarget "DemoTests" */;
			buildPhases = (
				9C1EFAD726C4DC210065AEE6 /* Sources */,
				9C1EFAD826C4DC210065AEE6 /* Frameworks */,
				9C1EFAD926C4DC210065AEE6 /* Resources */,
			);
			buildRules = (
			);
			dependencies = (
				9C1EFAE126C4DC210065AEE6 /* PBXTargetDependency */,
			);
			name = DemoTests;
			packageProductDependencies = (
				9C1EFAED26C4EC310065AEE6 /* RxTest */,
				9C1EFAF226C4EC7B0065AEE6 /* RxBlocking */,
				9C1EFAF526C4ED120065AEE6 /* Nimble */,
			);
			productName = DemoTests;
			productReference = 9C1EFADB26C4DC210065AEE6 /* DemoTests.xctest */;
			productType = "com.apple.product-type.bundle.unit-test";
		};
/* End PBXNativeTarget section */

/* Begin PBXProject section */
		9C1EFAAB26C4B15A0065AEE6 /* Project object */ = {
			isa = PBXProject;
			attributes = {
				LastSwiftUpdateCheck = 1230;
				LastUpgradeCheck = 1230;
				TargetAttributes = {
					9C1EFAB226C4B15A0065AEE6 = {
						CreatedOnToolsVersion = 12.3;
					};
					9C1EFADA26C4DC210065AEE6 = {
						CreatedOnToolsVersion = 12.3;
						TestTargetID = 9C1EFAB226C4B15A0065AEE6;
					};
					9C1EFB4C26C591810065AEE6 = {
						CreatedOnToolsVersion = 12.3;
					};
					9C1EFB5426C591910065AEE6 = {
						CreatedOnToolsVersion = 12.3;
					};
				};
			};
			buildConfigurationList = 9C1EFAAE26C4B15A0065AEE6 /* Build configuration list for PBXProject "Demo" */;
			compatibilityVersion = "Xcode 9.3";
			developmentRegion = en;
			hasScannedForEncodings = 0;
			knownRegions = (
				en,
				Base,
			);
			mainGroup = 9C1EFAAA26C4B15A0065AEE6;
			packageReferences = (
				9C1EFAE826C4EC310065AEE6 /* XCRemoteSwiftPackageReference "RxSwift" */,
				9C1EFAF426C4ED120065AEE6 /* XCRemoteSwiftPackageReference "Nimble" */,
				9C00AC5726E107220096A749 /* XCRemoteSwiftPackageReference "RxFlow" */,
				9C00AC7B26E12C1F0096A749 /* XCRemoteSwiftPackageReference "Reusable" */,
				9CC0190F26E1CD9F00407E7C /* XCRemoteSwiftPackageReference "NVActivityIndicatorView" */,
				9CC0196C26E2167200407E7C /* XCRemoteSwiftPackageReference "SwiftyBeaver" */,
			);
			productRefGroup = 9C1EFAB426C4B15A0065AEE6 /* Products */;
			projectDirPath = "";
			projectRoot = "";
			targets = (
				9C1EFAB226C4B15A0065AEE6 /* Demo */,
				9C1EFADA26C4DC210065AEE6 /* DemoTests */,
				9C1EFB4C26C591810065AEE6 /* SwiftLint */,
				9C1EFB5426C591910065AEE6 /* SwiftGen */,
			);
		};
/* End PBXProject section */

/* Begin PBXResourcesBuildPhase section */
		9C1EFAB126C4B15A0065AEE6 /* Resources */ = {
			isa = PBXResourcesBuildPhase;
			buildActionMask = 2147483647;
			files = (
				9C1EFB4926C5909C0065AEE6 /* Common.strings in Resources */,
				9C1EFAC326C4B1600065AEE6 /* LaunchScreen.storyboard in Resources */,
				9C1EFB3426C58E8A0065AEE6 /* Colors.xcassets in Resources */,
				9C1EFAC026C4B1600065AEE6 /* Images.xcassets in Resources */,
				9C1EFABE26C4B15A0065AEE6 /* Main.storyboard in Resources */,
				9C715CFC26C6156800AF895E /* Initialization.storyboard in Resources */,
				9C715D0B26C6199300AF895E /* Settings.bundle in Resources */,
				9C92923A26E8498A00D5C26C /* Error.strings in Resources */,
			);
			runOnlyForDeploymentPostprocessing = 0;
		};
		9C1EFAD926C4DC210065AEE6 /* Resources */ = {
			isa = PBXResourcesBuildPhase;
			buildActionMask = 2147483647;
			files = (
			);
			runOnlyForDeploymentPostprocessing = 0;
		};
/* End PBXResourcesBuildPhase section */

/* Begin PBXShellScriptBuildPhase section */
		12059142E562EF0B91A992FA /* [CP] Check Pods Manifest.lock */ = {
			isa = PBXShellScriptBuildPhase;
			buildActionMask = 2147483647;
			files = (
			);
			inputFileListPaths = (
			);
			inputPaths = (
				"${PODS_PODFILE_DIR_PATH}/Podfile.lock",
				"${PODS_ROOT}/Manifest.lock",
			);
			name = "[CP] Check Pods Manifest.lock";
			outputFileListPaths = (
			);
			outputPaths = (
				"$(DERIVED_FILE_DIR)/Pods-Demo-checkManifestLockResult.txt",
			);
			runOnlyForDeploymentPostprocessing = 0;
			shellPath = /bin/sh;
			shellScript = "diff \"${PODS_PODFILE_DIR_PATH}/Podfile.lock\" \"${PODS_ROOT}/Manifest.lock\" > /dev/null\nif [ $? != 0 ] ; then\n    # print error to STDERR\n    echo \"error: The sandbox is not in sync with the Podfile.lock. Run 'pod install' or update your CocoaPods installation.\" >&2\n    exit 1\nfi\n# This output is used by Xcode 'outputs' to avoid re-running this script phase.\necho \"SUCCESS\" > \"${SCRIPT_OUTPUT_FILE_0}\"\n";
			showEnvVarsInLog = 0;
		};
		9C1EFB6526C594480065AEE6 /* SwiftLint */ = {
			isa = PBXShellScriptBuildPhase;
			buildActionMask = 2147483647;
			files = (
			);
			inputFileListPaths = (
			);
			inputPaths = (
			);
			name = SwiftLint;
			outputFileListPaths = (
			);
			outputPaths = (
			);
			runOnlyForDeploymentPostprocessing = 0;
			shellPath = /bin/sh;
			shellScript = "\"${SRCROOT}/Pods/SwiftLint/swiftlint\"\n";
		};
		9C1EFB6626C594750065AEE6 /* SwiftGen */ = {
			isa = PBXShellScriptBuildPhase;
			buildActionMask = 2147483647;
			files = (
			);
			inputFileListPaths = (
			);
			inputPaths = (
			);
			name = SwiftGen;
			outputFileListPaths = (
			);
			outputPaths = (
			);
			runOnlyForDeploymentPostprocessing = 0;
			shellPath = /bin/sh;
			shellScript = "\"${SRCROOT}/Pods/SwiftGen/bin/swiftgen\"\n";
		};
		9C1EFB6D26C595670065AEE6 /* LicensePlist */ = {
			isa = PBXShellScriptBuildPhase;
			buildActionMask = 2147483647;
			files = (
			);
			inputFileListPaths = (
			);
			inputPaths = (
			);
			name = LicensePlist;
			outputFileListPaths = (
			);
			outputPaths = (
			);
			runOnlyForDeploymentPostprocessing = 0;
			shellPath = /bin/sh;
			shellScript = "cd $SRCROOT\n${PODS_ROOT}/LicensePlist/license-plist --package-path $PROJECT_FILE_PATH/project.xcworkspace/xcshareddata/swiftpm/Package.swift --output-path ${SRCROOT}/${TARGET_NAME}/Settings/Settings.bundle --add-version-numbers\n\n";
		};
/* End PBXShellScriptBuildPhase section */

/* Begin PBXSourcesBuildPhase section */
		9C1EFAAF26C4B15A0065AEE6 /* Sources */ = {
			isa = PBXSourcesBuildPhase;
			buildActionMask = 2147483647;
			files = (
				9C70D47126C5A52E00DD97E9 /* StoryboardSegues.swift in Sources */,
				9CC0195626E20BD000407E7C /* WelcomeViewModel.swift in Sources */,
				9CC0190426E1C29300407E7C /* ErrorHandlerType.swift in Sources */,
				9CC0194526E2074500407E7C /* WelcomeFlow.swift in Sources */,
				9C00AC6A26E1078D0096A749 /* AppFlow.swift in Sources */,
				9C00AC9026E12C900096A749 /* ViewType.swift in Sources */,
				9CC0190A26E1C2A700407E7C /* ErrorViewerType.swift in Sources */,
				9CC018F826E1C26100407E7C /* ActivityHandlerType.swift in Sources */,
				9CC018FE26E1C27B00407E7C /* ActivityViewerType.swift in Sources */,
				9C1EFABB26C4B15A0065AEE6 /* ViewController.swift in Sources */,
				9CC0197426E2168100407E7C /* SwiftyBeaver+Extensions.swift in Sources */,
				9CC0196726E20C8600407E7C /* HomeViewModel.swift in Sources */,
				9CC0194C26E20BBF00407E7C /* WelcomeViewController.swift in Sources */,
				9CC0195D26E20C7900407E7C /* HomeViewController.swift in Sources */,
				9CC0192526E1EC0500407E7C /* InitializationViewModel.swift in Sources */,
				9C00AC9726E138300096A749 /* ActivityIndicator.swift in Sources */,
				9C1EFAB726C4B15A0065AEE6 /* AppDelegate.swift in Sources */,
				9C70D46426C5A51C00DD97E9 /* Assets.swift in Sources */,
				9C1EFAB926C4B15A0065AEE6 /* SceneDelegate.swift in Sources */,
				9CC0193B26E2069C00407E7C /* UIWindow+Extensions.swift in Sources */,
				9C00AC7626E107B90096A749 /* HomeFlow.swift in Sources */,
				9CC0191B26E1EBF700407E7C /* InitializationViewController.swift in Sources */,
				9C92924026E85B0D00D5C26C /* GlobalStepper.swift in Sources */,
				9C00AC6026E107770096A749 /* AppStep.swift in Sources */,
				9C00AC8626E12C7F0096A749 /* ViewModelType.swift in Sources */,
				9CC0193026E2019100407E7C /* AppStateService.swift in Sources */,
				9C70D46A26C5A52500DD97E9 /* StoryboardScenes.swift in Sources */,
				9C70D47226C5A52E00DD97E9 /* Strings.swift in Sources */,
				9C36791326E634E200D6EC7B /* AppError.swift in Sources */,
				9C00AC7026E107A80096A749 /* InitializationFlow.swift in Sources */,
			);
			runOnlyForDeploymentPostprocessing = 0;
		};
		9C1EFAD726C4DC210065AEE6 /* Sources */ = {
			isa = PBXSourcesBuildPhase;
			buildActionMask = 2147483647;
			files = (
				9C1EFADE26C4DC210065AEE6 /* DemoTests.swift in Sources */,
			);
			runOnlyForDeploymentPostprocessing = 0;
		};
/* End PBXSourcesBuildPhase section */

/* Begin PBXTargetDependency section */
		9C1EFAE126C4DC210065AEE6 /* PBXTargetDependency */ = {
			isa = PBXTargetDependency;
			target = 9C1EFAB226C4B15A0065AEE6 /* Demo */;
			targetProxy = 9C1EFAE026C4DC210065AEE6 /* PBXContainerItemProxy */;
		};
		9C1EFB6C26C594CE0065AEE6 /* PBXTargetDependency */ = {
			isa = PBXTargetDependency;
			target = 9C1EFB4C26C591810065AEE6 /* SwiftLint */;
			targetProxy = 9C1EFB6B26C594CE0065AEE6 /* PBXContainerItemProxy */;
		};
		9C715CF226C60F3400AF895E /* PBXTargetDependency */ = {
			isa = PBXTargetDependency;
			target = 9C1EFB5426C591910065AEE6 /* SwiftGen */;
			targetProxy = 9C715CF126C60F3400AF895E /* PBXContainerItemProxy */;
		};
/* End PBXTargetDependency section */

/* Begin PBXVariantGroup section */
		9C1EFABC26C4B15A0065AEE6 /* Main.storyboard */ = {
			isa = PBXVariantGroup;
			children = (
				9C1EFABD26C4B15A0065AEE6 /* Base */,
			);
			name = Main.storyboard;
			sourceTree = "<group>";
		};
		9C1EFAC126C4B1600065AEE6 /* LaunchScreen.storyboard */ = {
			isa = PBXVariantGroup;
			children = (
				9C1EFAC226C4B1600065AEE6 /* Base */,
			);
			name = LaunchScreen.storyboard;
			sourceTree = "<group>";
		};
		9C1EFB4726C5909C0065AEE6 /* Common.strings */ = {
			isa = PBXVariantGroup;
			children = (
				9C1EFB4826C5909C0065AEE6 /* Base */,
			);
			name = Common.strings;
			sourceTree = "<group>";
		};
		9C92923826E8498A00D5C26C /* Error.strings */ = {
			isa = PBXVariantGroup;
			children = (
				9C92923926E8498A00D5C26C /* Base */,
			);
			name = Error.strings;
			sourceTree = "<group>";
		};
/* End PBXVariantGroup section */

/* Begin XCBuildConfiguration section */
		9C1EFAC526C4B1600065AEE6 /* Debug */ = {
			isa = XCBuildConfiguration;
			buildSettings = {
				ALWAYS_SEARCH_USER_PATHS = NO;
				CLANG_ANALYZER_LOCALIZABILITY_NONLOCALIZED = YES;
				CLANG_ANALYZER_NONNULL = YES;
				CLANG_ANALYZER_NUMBER_OBJECT_CONVERSION = YES_AGGRESSIVE;
				CLANG_CXX_LANGUAGE_STANDARD = "gnu++14";
				CLANG_CXX_LIBRARY = "libc++";
				CLANG_ENABLE_MODULES = YES;
				CLANG_ENABLE_OBJC_ARC = YES;
				CLANG_ENABLE_OBJC_WEAK = YES;
				CLANG_WARN_BLOCK_CAPTURE_AUTORELEASING = YES;
				CLANG_WARN_BOOL_CONVERSION = YES;
				CLANG_WARN_COMMA = YES;
				CLANG_WARN_CONSTANT_CONVERSION = YES;
				CLANG_WARN_DEPRECATED_OBJC_IMPLEMENTATIONS = YES;
				CLANG_WARN_DIRECT_OBJC_ISA_USAGE = YES_ERROR;
				CLANG_WARN_DOCUMENTATION_COMMENTS = YES;
				CLANG_WARN_EMPTY_BODY = YES;
				CLANG_WARN_ENUM_CONVERSION = YES;
				CLANG_WARN_INFINITE_RECURSION = YES;
				CLANG_WARN_INT_CONVERSION = YES;
				CLANG_WARN_NON_LITERAL_NULL_CONVERSION = YES;
				CLANG_WARN_OBJC_IMPLICIT_RETAIN_SELF = YES;
				CLANG_WARN_OBJC_LITERAL_CONVERSION = YES;
				CLANG_WARN_OBJC_ROOT_CLASS = YES_ERROR;
				CLANG_WARN_QUOTED_INCLUDE_IN_FRAMEWORK_HEADER = YES;
				CLANG_WARN_RANGE_LOOP_ANALYSIS = YES;
				CLANG_WARN_STRICT_PROTOTYPES = YES;
				CLANG_WARN_SUSPICIOUS_MOVE = YES;
				CLANG_WARN_UNGUARDED_AVAILABILITY = YES_AGGRESSIVE;
				CLANG_WARN_UNREACHABLE_CODE = YES;
				CLANG_WARN__DUPLICATE_METHOD_MATCH = YES;
				COPY_PHASE_STRIP = NO;
				DEBUG_INFORMATION_FORMAT = dwarf;
				ENABLE_STRICT_OBJC_MSGSEND = YES;
				ENABLE_TESTABILITY = YES;
				GCC_C_LANGUAGE_STANDARD = gnu11;
				GCC_DYNAMIC_NO_PIC = NO;
				GCC_NO_COMMON_BLOCKS = YES;
				GCC_OPTIMIZATION_LEVEL = 0;
				GCC_PREPROCESSOR_DEFINITIONS = (
					"DEBUG=1",
					"$(inherited)",
				);
				GCC_WARN_64_TO_32_BIT_CONVERSION = YES;
				GCC_WARN_ABOUT_RETURN_TYPE = YES_ERROR;
				GCC_WARN_UNDECLARED_SELECTOR = YES;
				GCC_WARN_UNINITIALIZED_AUTOS = YES_AGGRESSIVE;
				GCC_WARN_UNUSED_FUNCTION = YES;
				GCC_WARN_UNUSED_VARIABLE = YES;
				IPHONEOS_DEPLOYMENT_TARGET = 13.0;
				MTL_ENABLE_DEBUG_INFO = INCLUDE_SOURCE;
				MTL_FAST_MATH = YES;
				ONLY_ACTIVE_ARCH = YES;
				SDKROOT = iphoneos;
				SWIFT_ACTIVE_COMPILATION_CONDITIONS = DEBUG;
				SWIFT_OPTIMIZATION_LEVEL = "-Onone";
			};
			name = Debug;
		};
		9C1EFAC626C4B1600065AEE6 /* Release */ = {
			isa = XCBuildConfiguration;
			buildSettings = {
				ALWAYS_SEARCH_USER_PATHS = NO;
				CLANG_ANALYZER_LOCALIZABILITY_NONLOCALIZED = YES;
				CLANG_ANALYZER_NONNULL = YES;
				CLANG_ANALYZER_NUMBER_OBJECT_CONVERSION = YES_AGGRESSIVE;
				CLANG_CXX_LANGUAGE_STANDARD = "gnu++14";
				CLANG_CXX_LIBRARY = "libc++";
				CLANG_ENABLE_MODULES = YES;
				CLANG_ENABLE_OBJC_ARC = YES;
				CLANG_ENABLE_OBJC_WEAK = YES;
				CLANG_WARN_BLOCK_CAPTURE_AUTORELEASING = YES;
				CLANG_WARN_BOOL_CONVERSION = YES;
				CLANG_WARN_COMMA = YES;
				CLANG_WARN_CONSTANT_CONVERSION = YES;
				CLANG_WARN_DEPRECATED_OBJC_IMPLEMENTATIONS = YES;
				CLANG_WARN_DIRECT_OBJC_ISA_USAGE = YES_ERROR;
				CLANG_WARN_DOCUMENTATION_COMMENTS = YES;
				CLANG_WARN_EMPTY_BODY = YES;
				CLANG_WARN_ENUM_CONVERSION = YES;
				CLANG_WARN_INFINITE_RECURSION = YES;
				CLANG_WARN_INT_CONVERSION = YES;
				CLANG_WARN_NON_LITERAL_NULL_CONVERSION = YES;
				CLANG_WARN_OBJC_IMPLICIT_RETAIN_SELF = YES;
				CLANG_WARN_OBJC_LITERAL_CONVERSION = YES;
				CLANG_WARN_OBJC_ROOT_CLASS = YES_ERROR;
				CLANG_WARN_QUOTED_INCLUDE_IN_FRAMEWORK_HEADER = YES;
				CLANG_WARN_RANGE_LOOP_ANALYSIS = YES;
				CLANG_WARN_STRICT_PROTOTYPES = YES;
				CLANG_WARN_SUSPICIOUS_MOVE = YES;
				CLANG_WARN_UNGUARDED_AVAILABILITY = YES_AGGRESSIVE;
				CLANG_WARN_UNREACHABLE_CODE = YES;
				CLANG_WARN__DUPLICATE_METHOD_MATCH = YES;
				COPY_PHASE_STRIP = NO;
				DEBUG_INFORMATION_FORMAT = "dwarf-with-dsym";
				ENABLE_NS_ASSERTIONS = NO;
				ENABLE_STRICT_OBJC_MSGSEND = YES;
				GCC_C_LANGUAGE_STANDARD = gnu11;
				GCC_NO_COMMON_BLOCKS = YES;
				GCC_WARN_64_TO_32_BIT_CONVERSION = YES;
				GCC_WARN_ABOUT_RETURN_TYPE = YES_ERROR;
				GCC_WARN_UNDECLARED_SELECTOR = YES;
				GCC_WARN_UNINITIALIZED_AUTOS = YES_AGGRESSIVE;
				GCC_WARN_UNUSED_FUNCTION = YES;
				GCC_WARN_UNUSED_VARIABLE = YES;
				IPHONEOS_DEPLOYMENT_TARGET = 13.0;
				MTL_ENABLE_DEBUG_INFO = NO;
				MTL_FAST_MATH = YES;
				SDKROOT = iphoneos;
				SWIFT_COMPILATION_MODE = wholemodule;
				SWIFT_OPTIMIZATION_LEVEL = "-O";
				VALIDATE_PRODUCT = YES;
			};
			name = Release;
		};
		9C1EFAC826C4B1600065AEE6 /* Debug */ = {
			isa = XCBuildConfiguration;
			baseConfigurationReference = A883681813B7D7EE32E76A48 /* Pods-Demo.debug.xcconfig */;
			buildSettings = {
				ASSETCATALOG_COMPILER_APPICON_NAME = AppIcon;
				ASSETCATALOG_COMPILER_GLOBAL_ACCENT_COLOR_NAME = AccentColor;
				BUNDLE_DISPLAY_NAME = "Demo Debug";
				CODE_SIGN_STYLE = Automatic;
				DEVELOPMENT_TEAM = 9ZRS9362HF;
				INFOPLIST_FILE = Demo/Info.plist;
				LD_RUNPATH_SEARCH_PATHS = (
					"$(inherited)",
					"@executable_path/Frameworks",
				);
				OTHER_SWIFT_FLAGS = "$(inherited) -D ENV_DEBUG";
				PRODUCT_BUNDLE_IDENTIFIER = com.mlbd.demo.debug;
				PRODUCT_NAME = "$(TARGET_NAME)";
				SWIFT_VERSION = 5.0;
				TARGETED_DEVICE_FAMILY = 1;
			};
			name = Debug;
		};
		9C1EFAC926C4B1600065AEE6 /* Release */ = {
			isa = XCBuildConfiguration;
			baseConfigurationReference = BAE0D211B92D1A74712CABBB /* Pods-Demo.release.xcconfig */;
			buildSettings = {
				ASSETCATALOG_COMPILER_APPICON_NAME = AppIcon;
				ASSETCATALOG_COMPILER_GLOBAL_ACCENT_COLOR_NAME = AccentColor;
				BUNDLE_DISPLAY_NAME = Demo;
				CODE_SIGN_STYLE = Automatic;
				DEVELOPMENT_TEAM = 9ZRS9362HF;
				INFOPLIST_FILE = Demo/Info.plist;
				LD_RUNPATH_SEARCH_PATHS = (
					"$(inherited)",
					"@executable_path/Frameworks",
				);
				OTHER_SWIFT_FLAGS = "$(inherited) -D ENV_RELEASE";
				PRODUCT_BUNDLE_IDENTIFIER = com.mlbd.demo;
				PRODUCT_NAME = "$(TARGET_NAME)";
				SWIFT_VERSION = 5.0;
				TARGETED_DEVICE_FAMILY = 1;
			};
			name = Release;
		};
		9C1EFACC26C4B49D0065AEE6 /* Stub */ = {
			isa = XCBuildConfiguration;
			buildSettings = {
				ALWAYS_SEARCH_USER_PATHS = NO;
				CLANG_ANALYZER_LOCALIZABILITY_NONLOCALIZED = YES;
				CLANG_ANALYZER_NONNULL = YES;
				CLANG_ANALYZER_NUMBER_OBJECT_CONVERSION = YES_AGGRESSIVE;
				CLANG_CXX_LANGUAGE_STANDARD = "gnu++14";
				CLANG_CXX_LIBRARY = "libc++";
				CLANG_ENABLE_MODULES = YES;
				CLANG_ENABLE_OBJC_ARC = YES;
				CLANG_ENABLE_OBJC_WEAK = YES;
				CLANG_WARN_BLOCK_CAPTURE_AUTORELEASING = YES;
				CLANG_WARN_BOOL_CONVERSION = YES;
				CLANG_WARN_COMMA = YES;
				CLANG_WARN_CONSTANT_CONVERSION = YES;
				CLANG_WARN_DEPRECATED_OBJC_IMPLEMENTATIONS = YES;
				CLANG_WARN_DIRECT_OBJC_ISA_USAGE = YES_ERROR;
				CLANG_WARN_DOCUMENTATION_COMMENTS = YES;
				CLANG_WARN_EMPTY_BODY = YES;
				CLANG_WARN_ENUM_CONVERSION = YES;
				CLANG_WARN_INFINITE_RECURSION = YES;
				CLANG_WARN_INT_CONVERSION = YES;
				CLANG_WARN_NON_LITERAL_NULL_CONVERSION = YES;
				CLANG_WARN_OBJC_IMPLICIT_RETAIN_SELF = YES;
				CLANG_WARN_OBJC_LITERAL_CONVERSION = YES;
				CLANG_WARN_OBJC_ROOT_CLASS = YES_ERROR;
				CLANG_WARN_QUOTED_INCLUDE_IN_FRAMEWORK_HEADER = YES;
				CLANG_WARN_RANGE_LOOP_ANALYSIS = YES;
				CLANG_WARN_STRICT_PROTOTYPES = YES;
				CLANG_WARN_SUSPICIOUS_MOVE = YES;
				CLANG_WARN_UNGUARDED_AVAILABILITY = YES_AGGRESSIVE;
				CLANG_WARN_UNREACHABLE_CODE = YES;
				CLANG_WARN__DUPLICATE_METHOD_MATCH = YES;
				COPY_PHASE_STRIP = NO;
				DEBUG_INFORMATION_FORMAT = dwarf;
				ENABLE_STRICT_OBJC_MSGSEND = YES;
				ENABLE_TESTABILITY = YES;
				GCC_C_LANGUAGE_STANDARD = gnu11;
				GCC_DYNAMIC_NO_PIC = NO;
				GCC_NO_COMMON_BLOCKS = YES;
				GCC_OPTIMIZATION_LEVEL = 0;
				GCC_PREPROCESSOR_DEFINITIONS = (
					"DEBUG=1",
					"$(inherited)",
				);
				GCC_WARN_64_TO_32_BIT_CONVERSION = YES;
				GCC_WARN_ABOUT_RETURN_TYPE = YES_ERROR;
				GCC_WARN_UNDECLARED_SELECTOR = YES;
				GCC_WARN_UNINITIALIZED_AUTOS = YES_AGGRESSIVE;
				GCC_WARN_UNUSED_FUNCTION = YES;
				GCC_WARN_UNUSED_VARIABLE = YES;
				IPHONEOS_DEPLOYMENT_TARGET = 13.0;
				MTL_ENABLE_DEBUG_INFO = INCLUDE_SOURCE;
				MTL_FAST_MATH = YES;
				ONLY_ACTIVE_ARCH = YES;
				SDKROOT = iphoneos;
				SWIFT_ACTIVE_COMPILATION_CONDITIONS = DEBUG;
				SWIFT_OPTIMIZATION_LEVEL = "-Onone";
			};
			name = Stub;
		};
		9C1EFACD26C4B49D0065AEE6 /* Stub */ = {
			isa = XCBuildConfiguration;
			baseConfigurationReference = D16D26C4544B2539BB884A60 /* Pods-Demo.stub.xcconfig */;
			buildSettings = {
				ASSETCATALOG_COMPILER_APPICON_NAME = AppIcon;
				ASSETCATALOG_COMPILER_GLOBAL_ACCENT_COLOR_NAME = AccentColor;
				BUNDLE_DISPLAY_NAME = "Demo Debug";
				CODE_SIGN_STYLE = Automatic;
				DEVELOPMENT_TEAM = 9ZRS9362HF;
				INFOPLIST_FILE = Demo/Info.plist;
				LD_RUNPATH_SEARCH_PATHS = (
					"$(inherited)",
					"@executable_path/Frameworks",
				);
				OTHER_SWIFT_FLAGS = "$(inherited) -D ENV_DEBUG -D API_STUB";
				PRODUCT_BUNDLE_IDENTIFIER = com.mlbd.demo.debug;
				PRODUCT_NAME = "$(TARGET_NAME)";
				SWIFT_VERSION = 5.0;
				TARGETED_DEVICE_FAMILY = 1;
			};
			name = Stub;
		};
		9C1EFAE326C4DC210065AEE6 /* Debug */ = {
			isa = XCBuildConfiguration;
			buildSettings = {
				BUNDLE_LOADER = "$(TEST_HOST)";
				CODE_SIGN_STYLE = Automatic;
				DEVELOPMENT_TEAM = 9ZRS9362HF;
				INFOPLIST_FILE = DemoTests/Info.plist;
				LD_RUNPATH_SEARCH_PATHS = (
					"$(inherited)",
					"@executable_path/Frameworks",
					"@loader_path/Frameworks",
				);
				PRODUCT_BUNDLE_IDENTIFIER = com.mlbd.demo.DemoTests;
				PRODUCT_NAME = "$(TARGET_NAME)";
				SWIFT_VERSION = 5.0;
				TARGETED_DEVICE_FAMILY = "1,2";
				TEST_HOST = "$(BUILT_PRODUCTS_DIR)/Demo.app/Demo";
			};
			name = Debug;
		};
		9C1EFAE426C4DC210065AEE6 /* Stub */ = {
			isa = XCBuildConfiguration;
			buildSettings = {
				BUNDLE_LOADER = "$(TEST_HOST)";
				CODE_SIGN_STYLE = Automatic;
				DEVELOPMENT_TEAM = 9ZRS9362HF;
				INFOPLIST_FILE = DemoTests/Info.plist;
				LD_RUNPATH_SEARCH_PATHS = (
					"$(inherited)",
					"@executable_path/Frameworks",
					"@loader_path/Frameworks",
				);
				PRODUCT_BUNDLE_IDENTIFIER = com.mlbd.demo.DemoTests;
				PRODUCT_NAME = "$(TARGET_NAME)";
				SWIFT_VERSION = 5.0;
				TARGETED_DEVICE_FAMILY = "1,2";
				TEST_HOST = "$(BUILT_PRODUCTS_DIR)/Demo.app/Demo";
			};
			name = Stub;
		};
		9C1EFAE526C4DC210065AEE6 /* Release */ = {
			isa = XCBuildConfiguration;
			buildSettings = {
				BUNDLE_LOADER = "$(TEST_HOST)";
				CODE_SIGN_STYLE = Automatic;
				DEVELOPMENT_TEAM = 9ZRS9362HF;
				INFOPLIST_FILE = DemoTests/Info.plist;
				LD_RUNPATH_SEARCH_PATHS = (
					"$(inherited)",
					"@executable_path/Frameworks",
					"@loader_path/Frameworks",
				);
				PRODUCT_BUNDLE_IDENTIFIER = com.mlbd.demo.DemoTests;
				PRODUCT_NAME = "$(TARGET_NAME)";
				SWIFT_VERSION = 5.0;
				TARGETED_DEVICE_FAMILY = "1,2";
				TEST_HOST = "$(BUILT_PRODUCTS_DIR)/Demo.app/Demo";
			};
			name = Release;
		};
		9C1EFB4E26C591810065AEE6 /* Debug */ = {
			isa = XCBuildConfiguration;
			buildSettings = {
				CODE_SIGN_STYLE = Automatic;
				DEVELOPMENT_TEAM = 9ZRS9362HF;
				PRODUCT_NAME = "$(TARGET_NAME)";
			};
			name = Debug;
		};
		9C1EFB4F26C591810065AEE6 /* Stub */ = {
			isa = XCBuildConfiguration;
			buildSettings = {
				CODE_SIGN_STYLE = Automatic;
				DEVELOPMENT_TEAM = 9ZRS9362HF;
				PRODUCT_NAME = "$(TARGET_NAME)";
			};
			name = Stub;
		};
		9C1EFB5026C591810065AEE6 /* Release */ = {
			isa = XCBuildConfiguration;
			buildSettings = {
				CODE_SIGN_STYLE = Automatic;
				DEVELOPMENT_TEAM = 9ZRS9362HF;
				PRODUCT_NAME = "$(TARGET_NAME)";
			};
			name = Release;
		};
		9C1EFB5626C591910065AEE6 /* Debug */ = {
			isa = XCBuildConfiguration;
			buildSettings = {
				CODE_SIGN_STYLE = Automatic;
				DEVELOPMENT_TEAM = 9ZRS9362HF;
				PRODUCT_NAME = "";
			};
			name = Debug;
		};
		9C1EFB5726C591910065AEE6 /* Stub */ = {
			isa = XCBuildConfiguration;
			buildSettings = {
				CODE_SIGN_STYLE = Automatic;
				DEVELOPMENT_TEAM = 9ZRS9362HF;
				PRODUCT_NAME = "";
			};
			name = Stub;
		};
		9C1EFB5826C591910065AEE6 /* Release */ = {
			isa = XCBuildConfiguration;
			buildSettings = {
				CODE_SIGN_STYLE = Automatic;
				DEVELOPMENT_TEAM = 9ZRS9362HF;
				PRODUCT_NAME = "";
			};
			name = Release;
		};
/* End XCBuildConfiguration section */

/* Begin XCConfigurationList section */
		9C1EFAAE26C4B15A0065AEE6 /* Build configuration list for PBXProject "Demo" */ = {
			isa = XCConfigurationList;
			buildConfigurations = (
				9C1EFAC526C4B1600065AEE6 /* Debug */,
				9C1EFACC26C4B49D0065AEE6 /* Stub */,
				9C1EFAC626C4B1600065AEE6 /* Release */,
			);
			defaultConfigurationIsVisible = 0;
			defaultConfigurationName = Release;
		};
		9C1EFAC726C4B1600065AEE6 /* Build configuration list for PBXNativeTarget "Demo" */ = {
			isa = XCConfigurationList;
			buildConfigurations = (
				9C1EFAC826C4B1600065AEE6 /* Debug */,
				9C1EFACD26C4B49D0065AEE6 /* Stub */,
				9C1EFAC926C4B1600065AEE6 /* Release */,
			);
			defaultConfigurationIsVisible = 0;
			defaultConfigurationName = Release;
		};
		9C1EFAE226C4DC210065AEE6 /* Build configuration list for PBXNativeTarget "DemoTests" */ = {
			isa = XCConfigurationList;
			buildConfigurations = (
				9C1EFAE326C4DC210065AEE6 /* Debug */,
				9C1EFAE426C4DC210065AEE6 /* Stub */,
				9C1EFAE526C4DC210065AEE6 /* Release */,
			);
			defaultConfigurationIsVisible = 0;
			defaultConfigurationName = Release;
		};
		9C1EFB4D26C591810065AEE6 /* Build configuration list for PBXAggregateTarget "SwiftLint" */ = {
			isa = XCConfigurationList;
			buildConfigurations = (
				9C1EFB4E26C591810065AEE6 /* Debug */,
				9C1EFB4F26C591810065AEE6 /* Stub */,
				9C1EFB5026C591810065AEE6 /* Release */,
			);
			defaultConfigurationIsVisible = 0;
			defaultConfigurationName = Release;
		};
		9C1EFB5526C591910065AEE6 /* Build configuration list for PBXAggregateTarget "SwiftGen" */ = {
			isa = XCConfigurationList;
			buildConfigurations = (
				9C1EFB5626C591910065AEE6 /* Debug */,
				9C1EFB5726C591910065AEE6 /* Stub */,
				9C1EFB5826C591910065AEE6 /* Release */,
			);
			defaultConfigurationIsVisible = 0;
			defaultConfigurationName = Release;
		};
/* End XCConfigurationList section */

/* Begin XCRemoteSwiftPackageReference section */
		9C00AC5726E107220096A749 /* XCRemoteSwiftPackageReference "RxFlow" */ = {
			isa = XCRemoteSwiftPackageReference;
			repositoryURL = "https://github.com/RxSwiftCommunity/RxFlow.git";
			requirement = {
				kind = upToNextMajorVersion;
				minimumVersion = 2.10.0;
			};
		};
		9C00AC7B26E12C1F0096A749 /* XCRemoteSwiftPackageReference "Reusable" */ = {
			isa = XCRemoteSwiftPackageReference;
			repositoryURL = "https://github.com/AliSoftware/Reusable.git";
			requirement = {
				kind = upToNextMajorVersion;
				minimumVersion = 4.1.1;
			};
		};
		9C1EFAE826C4EC310065AEE6 /* XCRemoteSwiftPackageReference "RxSwift" */ = {
			isa = XCRemoteSwiftPackageReference;
			repositoryURL = "https://github.com/ReactiveX/RxSwift.git";
			requirement = {
				kind = upToNextMajorVersion;
				minimumVersion = 6.2.0;
			};
		};
		9C1EFAF426C4ED120065AEE6 /* XCRemoteSwiftPackageReference "Nimble" */ = {
			isa = XCRemoteSwiftPackageReference;
			repositoryURL = "https://github.com/Quick/Nimble.git";
			requirement = {
				kind = upToNextMajorVersion;
				minimumVersion = 9.2.0;
			};
		};
		9CC0190F26E1CD9F00407E7C /* XCRemoteSwiftPackageReference "NVActivityIndicatorView" */ = {
			isa = XCRemoteSwiftPackageReference;
			repositoryURL = "https://github.com/ninjaprox/NVActivityIndicatorView.git";
			requirement = {
				kind = upToNextMajorVersion;
				minimumVersion = 5.1.1;
			};
		};
		9CC0196C26E2167200407E7C /* XCRemoteSwiftPackageReference "SwiftyBeaver" */ = {
			isa = XCRemoteSwiftPackageReference;
			repositoryURL = "https://github.com/SwiftyBeaver/SwiftyBeaver.git";
			requirement = {
				kind = upToNextMajorVersion;
				minimumVersion = 1.9.5;
			};
		};
/* End XCRemoteSwiftPackageReference section */

/* Begin XCSwiftPackageProductDependency section */
		9C00AC5826E107220096A749 /* RxFlow */ = {
			isa = XCSwiftPackageProductDependency;
			package = 9C00AC5726E107220096A749 /* XCRemoteSwiftPackageReference "RxFlow" */;
			productName = RxFlow;
		};
		9C00AC7C26E12C1F0096A749 /* Reusable */ = {
			isa = XCSwiftPackageProductDependency;
			package = 9C00AC7B26E12C1F0096A749 /* XCRemoteSwiftPackageReference "Reusable" */;
			productName = Reusable;
		};
		9C1EFAE926C4EC310065AEE6 /* RxCocoa */ = {
			isa = XCSwiftPackageProductDependency;
			package = 9C1EFAE826C4EC310065AEE6 /* XCRemoteSwiftPackageReference "RxSwift" */;
			productName = RxCocoa;
		};
		9C1EFAEB26C4EC310065AEE6 /* RxSwift */ = {
			isa = XCSwiftPackageProductDependency;
			package = 9C1EFAE826C4EC310065AEE6 /* XCRemoteSwiftPackageReference "RxSwift" */;
			productName = RxSwift;
		};
		9C1EFAED26C4EC310065AEE6 /* RxTest */ = {
			isa = XCSwiftPackageProductDependency;
			package = 9C1EFAE826C4EC310065AEE6 /* XCRemoteSwiftPackageReference "RxSwift" */;
			productName = RxTest;
		};
		9C1EFAF226C4EC7B0065AEE6 /* RxBlocking */ = {
			isa = XCSwiftPackageProductDependency;
			package = 9C1EFAE826C4EC310065AEE6 /* XCRemoteSwiftPackageReference "RxSwift" */;
			productName = RxBlocking;
		};
		9C1EFAF526C4ED120065AEE6 /* Nimble */ = {
			isa = XCSwiftPackageProductDependency;
			package = 9C1EFAF426C4ED120065AEE6 /* XCRemoteSwiftPackageReference "Nimble" */;
			productName = Nimble;
		};
		9CC0191026E1CD9F00407E7C /* NVActivityIndicatorView */ = {
			isa = XCSwiftPackageProductDependency;
			package = 9CC0190F26E1CD9F00407E7C /* XCRemoteSwiftPackageReference "NVActivityIndicatorView" */;
			productName = NVActivityIndicatorView;
		};
		9CC0191226E1CD9F00407E7C /* NVActivityIndicatorViewExtended */ = {
			isa = XCSwiftPackageProductDependency;
			package = 9CC0190F26E1CD9F00407E7C /* XCRemoteSwiftPackageReference "NVActivityIndicatorView" */;
			productName = NVActivityIndicatorViewExtended;
		};
		9CC0196D26E2167200407E7C /* SwiftyBeaver */ = {
			isa = XCSwiftPackageProductDependency;
			package = 9CC0196C26E2167200407E7C /* XCRemoteSwiftPackageReference "SwiftyBeaver" */;
			productName = SwiftyBeaver;
		};
/* End XCSwiftPackageProductDependency section */
	};
	rootObject = 9C1EFAAB26C4B15A0065AEE6 /* Project object */;
}
